
Microsoft Visual Studio Solution File, Format Version 12.00
# Visual Studio Version 16
VisualStudioVersion = 16.0.31129.286
MinimumVisualStudioVersion = 10.0.40219.1
Project("{FAE04EC0-301F-11D3-BF4B-00C04F79EFBC}") = "TestOne", "TestOne.csproj", "{940E222E-68B5-4AA1-B645-62D4EF95656A}"
EndProject
Global
	GlobalSection(SolutionConfigurationPlatforms) = preSolution
		Debug|Any CPU = Debug|Any CPU
		Release|Any CPU = Release|Any CPU
	EndGlobalSection
	GlobalSection(ProjectConfigurationPlatforms) = postSolution
		{940E222E-68B5-4AA1-B645-62D4EF95656A}.Debug|Any CPU.ActiveCfg = Debug|Any CPU
		{940E222E-68B5-4AA1-B645-62D4EF95656A}.Debug|Any CPU.Build.0 = Debug|Any CPU
		{940E222E-68B5-4AA1-B645-62D4EF95656A}.Release|Any CPU.ActiveCfg = Release|Any CPU
		{940E222E-68B5-4AA1-B645-62D4EF95656A}.Release|Any CPU.Build.0 = Release|Any CPU
	EndGlobalSection
	GlobalSection(SolutionProperties) = preSolution
		HideSolutionNode = FALSE
	EndGlobalSection
	GlobalSection(ExtensibilityGlobals) = postSolution
		SolutionGuid = {6D0265E2-C528-43D0-85E4-B48AD8352363}
	EndGlobalSection
EndGlobal
